Microsoft Visual Studio Solution File, Format Version 11.00
# Visual Studio 2015
Project("{6610A712-D272-1D6E-59E8-A29ED5A8E5FB}") = "TransposeMidi", "TransposeMidi.vcxproj", "{4177B8A9-4642-B295-AF23-5B934AFFE467}"
EndProject
Global
	GlobalSection(SolutionConfigurationPlatforms) = preSolution
		Debug|Win32 = Debug|Win32
		Release|Win32 = Release|Win32
	EndGlobalSection
	GlobalSection(ProjectConfigurationPlatforms) = postSolution
		{4177B8A9-4642-B295-AF23-5B934AFFE467}.Debug|Win32.ActiveCfg = Debug|Win32
		{4177B8A9-4642-B295-AF23-5B934AFFE467}.Debug|Win32.Build.0 = Debug|Win32
		{4177B8A9-4642-B295-AF23-5B934AFFE467}.Release|Win32.ActiveCfg = Release|Win32
		{4177B8A9-4642-B295-AF23-5B934AFFE467}.Release|Win32.Build.0 = Release|Win32
	EndGlobalSection
	GlobalSection(SolutionProperties) = preSolution
		HideSolutionNode = FALSE
	EndGlobalSection
EndGlobal
