Microsoft Visual Studio Solution File, Format Version 11.00
# Visual Studio 2015
Project("{158B9B38-30C4-59DC-FC72-BF4A345BE8AE}") = "HandlingMidiEventsTutorial", "HandlingMidiEventsTutorial.vcxproj", "{FFF52103-F8AD-CB7E-551B-6FCCC14A3F4D}"
EndProject
Global
	GlobalSection(SolutionConfigurationPlatforms) = preSolution
		Debug|Win32 = Debug|Win32
		Release|Win32 = Release|Win32
	EndGlobalSection
	GlobalSection(ProjectConfigurationPlatforms) = postSolution
		{FFF52103-F8AD-CB7E-551B-6FCCC14A3F4D}.Debug|Win32.ActiveCfg = Debug|Win32
		{FFF52103-F8AD-CB7E-551B-6FCCC14A3F4D}.Debug|Win32.Build.0 = Debug|Win32
		{FFF52103-F8AD-CB7E-551B-6FCCC14A3F4D}.Release|Win32.ActiveCfg = Release|Win32
		{FFF52103-F8AD-CB7E-551B-6FCCC14A3F4D}.Release|Win32.Build.0 = Release|Win32
	EndGlobalSection
	GlobalSection(SolutionProperties) = preSolution
		HideSolutionNode = FALSE
	EndGlobalSection
EndGlobal
