Microsoft Visual Studio Solution File, Format Version 11.00
# Visual Studio 2015
Project("{5FF0139D-D865-F437-0399-F3B8D04FF3DC}") = "HelloWorld", "HelloWorld.vcxproj", "{49776D6C-BC2C-679C-4D89-4BB1D3BE86AA}"
EndProject
Global
	GlobalSection(SolutionConfigurationPlatforms) = preSolution
		Debug|Win32 = Debug|Win32
		Release|Win32 = Release|Win32
	EndGlobalSection
	GlobalSection(ProjectConfigurationPlatforms) = postSolution
		{49776D6C-BC2C-679C-4D89-4BB1D3BE86AA}.Debug|Win32.ActiveCfg = Debug|Win32
		{49776D6C-BC2C-679C-4D89-4BB1D3BE86AA}.Debug|Win32.Build.0 = Debug|Win32
		{49776D6C-BC2C-679C-4D89-4BB1D3BE86AA}.Release|Win32.ActiveCfg = Release|Win32
		{49776D6C-BC2C-679C-4D89-4BB1D3BE86AA}.Release|Win32.Build.0 = Release|Win32
	EndGlobalSection
	GlobalSection(SolutionProperties) = preSolution
		HideSolutionNode = FALSE
	EndGlobalSection
EndGlobal
